
Microsoft Visual Studio Solution File, Format Version 12.00
# Visual Studio Version 17
VisualStudioVersion = 17.5.002.0
MinimumVisualStudioVersion = 10.0.40219.1
Project("{9A19103F-16F7-4668-BE54-9A1E7A4F7556}") = "Jellyfin.Plugin.TelegramNotifier", "Jellyfin.Plugin.TelegramNotifier.csproj", "{48111C2F-B91A-4B91-808C-8F7BD094BA1F}"
EndProject
Global
	GlobalSection(SolutionConfigurationPlatforms) = preSolution
		Debug|Any CPU = Debug|Any CPU
		Release|Any CPU = Release|Any CPU
	EndGlobalSection
	GlobalSection(ProjectConfigurationPlatforms) = postSolution
		{48111C2F-B91A-4B91-808C-8F7BD094BA1F}.Debug|Any CPU.ActiveCfg = Debug|Any CPU
		{48111C2F-B91A-4B91-808C-8F7BD094BA1F}.Debug|Any CPU.Build.0 = Debug|Any CPU
		{48111C2F-B91A-4B91-808C-8F7BD094BA1F}.Release|Any CPU.ActiveCfg = Release|Any CPU
		{48111C2F-B91A-4B91-808C-8F7BD094BA1F}.Release|Any CPU.Build.0 = Release|Any CPU
	EndGlobalSection
	GlobalSection(SolutionProperties) = preSolution
		HideSolutionNode = FALSE
	EndGlobalSection
	GlobalSection(ExtensibilityGlobals) = postSolution
		SolutionGuid = {2D8ED94F-E24C-48C9-9494-005E94AFF649}
	EndGlobalSection
EndGlobal
